<?xml version="1.0" encoding="utf-8"?>
<Project ToolsVersion="4.0" xmlns="http://schemas.microsoft.com/developer/msbuild/2003">
  <ItemGroup>
    <Filter Include="Source Files">
      <UniqueIdentifier>{4FC737F1-C7A5-4376-A066-2A32D752A2FF}</UniqueIdentifier>
      <Extensions>cpp;c;cc;cxx;c++;cppm;ixx;def;odl;idl;hpj;bat;asm;asmx</Extensions>
    </Filter>
    <Filter Include="Header Files">
      <UniqueIdentifier>{93995380-89BD-4b04-88EB-625FBE52EBFB}</UniqueIdentifier>
      <Extensions>h;hh;hpp;hxx;h++;hm;inl;inc;ipp;xsd</Extensions>
    </Filter>
    <Filter Include="Resource Files">
      <UniqueIdentifier>{67DA6AB6-F800-4c08-8B7A-83BB121AAD01}</UniqueIdentifier>
      <Extensions>rc;ico;cur;bmp;dlg;rc2;rct;bin;rgs;gif;jpg;jpeg;jpe;resx;tiff;tif;png;wav;mfcribbon-ms</Extensions>
    </Filter>
  </ItemGroup>
  <ItemGroup>
    <ClInclude Include="framework.h">
      <Filter>Header Files</Filter>
    </ClInclude>
    <ClInclude Include="pch.h">
      <Filter>Header Files</Filter>
    </ClInclude>
    <ClInclude Include="lib\PolyHook2\asmjit\arm\a64archtraits_p.h">
      <Filter>Header Files</Filter>
    </ClInclude>
    <ClInclude Include="lib\PolyHook2\asmjit\arm\a64assembler.h">
      <Filter>Header Files</Filter>
    </ClInclude>
    <ClInclude Include="lib\PolyHook2\asmjit\arm\a64builder.h">
      <Filter>Header Files</Filter>
    </ClInclude>
    <ClInclude Include="lib\PolyHook2\asmjit\arm\a64compiler.h">
      <Filter>Header Files</Filter>
    </ClInclude>
    <ClInclude Include="lib\PolyHook2\asmjit\arm\a64emithelper_p.h">
      <Filter>Header Files</Filter>
    </ClInclude>
    <ClInclude Include="lib\PolyHook2\asmjit\arm\a64emitter.h">
      <Filter>Header Files</Filter>
    </ClInclude>
    <ClInclude Include="lib\PolyHook2\asmjit\arm\a64formatter_p.h">
      <Filter>Header Files</Filter>
    </ClInclude>
    <ClInclude Include="lib\PolyHook2\asmjit\arm\a64func_p.h">
      <Filter>Header Files</Filter>
    </ClInclude>
    <ClInclude Include="lib\PolyHook2\asmjit\arm\a64globals.h">
      <Filter>Header Files</Filter>
    </ClInclude>
    <ClInclude Include="lib\PolyHook2\asmjit\arm\a64instapi_p.h">
      <Filter>Header Files</Filter>
    </ClInclude>
    <ClInclude Include="lib\PolyHook2\asmjit\arm\a64instdb.h">
      <Filter>Header Files</Filter>
    </ClInclude>
    <ClInclude Include="lib\PolyHook2\asmjit\arm\a64instdb_p.h">
      <Filter>Header Files</Filter>
    </ClInclude>
    <ClInclude Include="lib\PolyHook2\asmjit\arm\a64operand.h">
      <Filter>Header Files</Filter>
    </ClInclude>
    <ClInclude Include="lib\PolyHook2\asmjit\arm\a64rapass_p.h">
      <Filter>Header Files</Filter>
    </ClInclude>
    <ClInclude Include="lib\PolyHook2\asmjit\arm\a64utils.h">
      <Filter>Header Files</Filter>
    </ClInclude>
    <ClInclude Include="lib\PolyHook2\asmjit\arm\armformatter_p.h">
      <Filter>Header Files</Filter>
    </ClInclude>
    <ClInclude Include="lib\PolyHook2\asmjit\arm\armglobals.h">
      <Filter>Header Files</Filter>
    </ClInclude>
    <ClInclude Include="lib\PolyHook2\asmjit\arm\armoperand.h">
      <Filter>Header Files</Filter>
    </ClInclude>
    <ClInclude Include="lib\PolyHook2\asmjit\core\api-build_p.h">
      <Filter>Header Files</Filter>
    </ClInclude>
    <ClInclude Include="lib\PolyHook2\asmjit\core\api-config.h">
      <Filter>Header Files</Filter>
    </ClInclude>
    <ClInclude Include="lib\PolyHook2\asmjit\core\archcommons.h">
      <Filter>Header Files</Filter>
    </ClInclude>
    <ClInclude Include="lib\PolyHook2\asmjit\core\archtraits.h">
      <Filter>Header Files</Filter>
    </ClInclude>
    <ClInclude Include="lib\PolyHook2\asmjit\core\assembler.h">
      <Filter>Header Files</Filter>
    </ClInclude>
    <ClInclude Include="lib\PolyHook2\asmjit\core\builder.h">
      <Filter>Header Files</Filter>
    </ClInclude>
    <ClInclude Include="lib\PolyHook2\asmjit\core\codebuffer.h">
      <Filter>Header Files</Filter>
    </ClInclude>
    <ClInclude Include="lib\PolyHook2\asmjit\core\codeholder.h">
      <Filter>Header Files</Filter>
    </ClInclude>
    <ClInclude Include="lib\PolyHook2\asmjit\core\codewriter_p.h">
      <Filter>Header Files</Filter>
    </ClInclude>
    <ClInclude Include="lib\PolyHook2\asmjit\core\compiler.h">
      <Filter>Header Files</Filter>
    </ClInclude>
    <ClInclude Include="lib\PolyHook2\asmjit\core\compilerdefs.h">
      <Filter>Header Files</Filter>
    </ClInclude>
    <ClInclude Include="lib\PolyHook2\asmjit\core\constpool.h">
      <Filter>Header Files</Filter>
    </ClInclude>
    <ClInclude Include="lib\PolyHook2\asmjit\core\cpuinfo.h">
      <Filter>Header Files</Filter>
    </ClInclude>
    <ClInclude Include="lib\PolyHook2\asmjit\core\emithelper_p.h">
      <Filter>Header Files</Filter>
    </ClInclude>
    <ClInclude Include="lib\PolyHook2\asmjit\core\emitter.h">
      <Filter>Header Files</Filter>
    </ClInclude>
    <ClInclude Include="lib\PolyHook2\asmjit\core\emitterutils_p.h">
      <Filter>Header Files</Filter>
    </ClInclude>
    <ClInclude Include="lib\PolyHook2\asmjit\core\environment.h">
      <Filter>Header Files</Filter>
    </ClInclude>
    <ClInclude Include="lib\PolyHook2\asmjit\core\errorhandler.h">
      <Filter>Header Files</Filter>
    </ClInclude>
    <ClInclude Include="lib\PolyHook2\asmjit\core\formatter.h">
      <Filter>Header Files</Filter>
    </ClInclude>
    <ClInclude Include="lib\PolyHook2\asmjit\core\formatter_p.h">
      <Filter>Header Files</Filter>
    </ClInclude>
    <ClInclude Include="lib\PolyHook2\asmjit\core\func.h">
      <Filter>Header Files</Filter>
    </ClInclude>
    <ClInclude Include="lib\PolyHook2\asmjit\core\funcargscontext_p.h">
      <Filter>Header Files</Filter>
    </ClInclude>
    <ClInclude Include="lib\PolyHook2\asmjit\core\globals.h">
      <Filter>Header Files</Filter>
    </ClInclude>
    <ClInclude Include="lib\PolyHook2\asmjit\core\inst.h">
      <Filter>Header Files</Filter>
    </ClInclude>
    <ClInclude Include="lib\PolyHook2\asmjit\core\jitallocator.h">
      <Filter>Header Files</Filter>
    </ClInclude>
    <ClInclude Include="lib\PolyHook2\asmjit\core\jitruntime.h">
      <Filter>Header Files</Filter>
    </ClInclude>
    <ClInclude Include="lib\PolyHook2\asmjit\core\logger.h">
      <Filter>Header Files</Filter>
    </ClInclude>
    <ClInclude Include="lib\PolyHook2\asmjit\core\misc_p.h">
      <Filter>Header Files</Filter>
    </ClInclude>
    <ClInclude Include="lib\PolyHook2\asmjit\core\operand.h">
      <Filter>Header Files</Filter>
    </ClInclude>
    <ClInclude Include="lib\PolyHook2\asmjit\core\osutils.h">
      <Filter>Header Files</Filter>
    </ClInclude>
    <ClInclude Include="lib\PolyHook2\asmjit\core\osutils_p.h">
      <Filter>Header Files</Filter>
    </ClInclude>
    <ClInclude Include="lib\PolyHook2\asmjit\core\raassignment_p.h">
      <Filter>Header Files</Filter>
    </ClInclude>
    <ClInclude Include="lib\PolyHook2\asmjit\core\rabuilders_p.h">
      <Filter>Header Files</Filter>
    </ClInclude>
    <ClInclude Include="lib\PolyHook2\asmjit\core\radefs_p.h">
      <Filter>Header Files</Filter>
    </ClInclude>
    <ClInclude Include="lib\PolyHook2\asmjit\core\ralocal_p.h">
      <Filter>Header Files</Filter>
    </ClInclude>
    <ClInclude Include="lib\PolyHook2\asmjit\core\rapass_p.h">
      <Filter>Header Files</Filter>
    </ClInclude>
    <ClInclude Include="lib\PolyHook2\asmjit\core\rastack_p.h">
      <Filter>Header Files</Filter>
    </ClInclude>
    <ClInclude Include="lib\PolyHook2\asmjit\core\string.h">
      <Filter>Header Files</Filter>
    </ClInclude>
    <ClInclude Include="lib\PolyHook2\asmjit\core\support.h">
      <Filter>Header Files</Filter>
    </ClInclude>
    <ClInclude Include="lib\PolyHook2\asmjit\core\target.h">
      <Filter>Header Files</Filter>
    </ClInclude>
    <ClInclude Include="lib\PolyHook2\asmjit\core\type.h">
      <Filter>Header Files</Filter>
    </ClInclude>
    <ClInclude Include="lib\PolyHook2\asmjit\core\virtmem.h">
      <Filter>Header Files</Filter>
    </ClInclude>
    <ClInclude Include="lib\PolyHook2\asmjit\core\zone.h">
      <Filter>Header Files</Filter>
    </ClInclude>
    <ClInclude Include="lib\PolyHook2\asmjit\core\zonehash.h">
      <Filter>Header Files</Filter>
    </ClInclude>
    <ClInclude Include="lib\PolyHook2\asmjit\core\zonelist.h">
      <Filter>Header Files</Filter>
    </ClInclude>
    <ClInclude Include="lib\PolyHook2\asmjit\core\zonestack.h">
      <Filter>Header Files</Filter>
    </ClInclude>
    <ClInclude Include="lib\PolyHook2\asmjit\core\zonestring.h">
      <Filter>Header Files</Filter>
    </ClInclude>
    <ClInclude Include="lib\PolyHook2\asmjit\core\zonetree.h">
      <Filter>Header Files</Filter>
    </ClInclude>
    <ClInclude Include="lib\PolyHook2\asmjit\core\zonevector.h">
      <Filter>Header Files</Filter>
    </ClInclude>
    <ClInclude Include="lib\PolyHook2\asmjit\x86\x86archtraits_p.h">
      <Filter>Header Files</Filter>
    </ClInclude>
    <ClInclude Include="lib\PolyHook2\asmjit\x86\x86assembler.h">
      <Filter>Header Files</Filter>
    </ClInclude>
    <ClInclude Include="lib\PolyHook2\asmjit\x86\x86builder.h">
      <Filter>Header Files</Filter>
    </ClInclude>
    <ClInclude Include="lib\PolyHook2\asmjit\x86\x86compiler.h">
      <Filter>Header Files</Filter>
    </ClInclude>
    <ClInclude Include="lib\PolyHook2\asmjit\x86\x86emithelper_p.h">
      <Filter>Header Files</Filter>
    </ClInclude>
    <ClInclude Include="lib\PolyHook2\asmjit\x86\x86emitter.h">
      <Filter>Header Files</Filter>
    </ClInclude>
    <ClInclude Include="lib\PolyHook2\asmjit\x86\x86formatter_p.h">
      <Filter>Header Files</Filter>
    </ClInclude>
    <ClInclude Include="lib\PolyHook2\asmjit\x86\x86func_p.h">
      <Filter>Header Files</Filter>
    </ClInclude>
    <ClInclude Include="lib\PolyHook2\asmjit\x86\x86globals.h">
      <Filter>Header Files</Filter>
    </ClInclude>
    <ClInclude Include="lib\PolyHook2\asmjit\x86\x86instapi_p.h">
      <Filter>Header Files</Filter>
    </ClInclude>
    <ClInclude Include="lib\PolyHook2\asmjit\x86\x86instdb.h">
      <Filter>Header Files</Filter>
    </ClInclude>
    <ClInclude Include="lib\PolyHook2\asmjit\x86\x86instdb_p.h">
      <Filter>Header Files</Filter>
    </ClInclude>
    <ClInclude Include="lib\PolyHook2\asmjit\x86\x86opcode_p.h">
      <Filter>Header Files</Filter>
    </ClInclude>
    <ClInclude Include="lib\PolyHook2\asmjit\x86\x86operand.h">
      <Filter>Header Files</Filter>
    </ClInclude>
    <ClInclude Include="lib\PolyHook2\asmjit\x86\x86rapass_p.h">
      <Filter>Header Files</Filter>
    </ClInclude>
    <ClInclude Include="lib\PolyHook2\asmjit\a64.h">
      <Filter>Header Files</Filter>
    </ClInclude>
    <ClInclude Include="lib\PolyHook2\asmjit\arm.h">
      <Filter>Header Files</Filter>
    </ClInclude>
    <ClInclude Include="lib\PolyHook2\asmjit\asmjit.h">
      <Filter>Header Files</Filter>
    </ClInclude>
    <ClInclude Include="lib\PolyHook2\asmjit\asmjit-scope-begin.h">
      <Filter>Header Files</Filter>
    </ClInclude>
    <ClInclude Include="lib\PolyHook2\asmjit\asmjit-scope-end.h">
      <Filter>Header Files</Filter>
    </ClInclude>
    <ClInclude Include="lib\PolyHook2\asmjit\core.h">
      <Filter>Header Files</Filter>
    </ClInclude>
    <ClInclude Include="lib\PolyHook2\asmjit\x86.h">
      <Filter>Header Files</Filter>
    </ClInclude>
    <ClInclude Include="lib\PolyHook2\capstone\windowsce\intrin.h">
      <Filter>Header Files</Filter>
    </ClInclude>
    <ClInclude Include="lib\PolyHook2\capstone\windowsce\stdint.h">
      <Filter>Header Files</Filter>
    </ClInclude>
    <ClInclude Include="lib\PolyHook2\capstone\arm.h">
      <Filter>Header Files</Filter>
    </ClInclude>
    <ClInclude Include="lib\PolyHook2\capstone\arm64.h">
      <Filter>Header Files</Filter>
    </ClInclude>
    <ClInclude Include="lib\PolyHook2\capstone\capstone.h">
      <Filter>Header Files</Filter>
    </ClInclude>
    <ClInclude Include="lib\PolyHook2\capstone\evm.h">
      <Filter>Header Files</Filter>
    </ClInclude>
    <ClInclude Include="lib\PolyHook2\capstone\m68k.h">
      <Filter>Header Files</Filter>
    </ClInclude>
    <ClInclude Include="lib\PolyHook2\capstone\m680x.h">
      <Filter>Header Files</Filter>
    </ClInclude>
    <ClInclude Include="lib\PolyHook2\capstone\mips.h">
      <Filter>Header Files</Filter>
    </ClInclude>
    <ClInclude Include="lib\PolyHook2\capstone\mos65xx.h">
      <Filter>Header Files</Filter>
    </ClInclude>
    <ClInclude Include="lib\PolyHook2\capstone\platform.h">
      <Filter>Header Files</Filter>
    </ClInclude>
    <ClInclude Include="lib\PolyHook2\capstone\ppc.h">
      <Filter>Header Files</Filter>
    </ClInclude>
    <ClInclude Include="lib\PolyHook2\capstone\sparc.h">
      <Filter>Header Files</Filter>
    </ClInclude>
    <ClInclude Include="lib\PolyHook2\capstone\systemz.h">
      <Filter>Header Files</Filter>
    </ClInclude>
    <ClInclude Include="lib\PolyHook2\capstone\tms320c64x.h">
      <Filter>Header Files</Filter>
    </ClInclude>
    <ClInclude Include="lib\PolyHook2\capstone\x86.h">
      <Filter>Header Files</Filter>
    </ClInclude>
    <ClInclude Include="lib\PolyHook2\capstone\xcore.h">
      <Filter>Header Files</Filter>
    </ClInclude>
    <ClInclude Include="lib\PolyHook2\ExampleProject\ExampleProject\ExampleProject\ExampleProject.h">
      <Filter>Header Files</Filter>
    </ClInclude>
    <ClInclude Include="lib\PolyHook2\polyhook2\Detour\ADetour.hpp">
      <Filter>Header Files</Filter>
    </ClInclude>
    <ClInclude Include="lib\PolyHook2\polyhook2\Detour\ILCallback.hpp">
      <Filter>Header Files</Filter>
    </ClInclude>
    <ClInclude Include="lib\PolyHook2\polyhook2\Detour\x64Detour.hpp">
      <Filter>Header Files</Filter>
    </ClInclude>
    <ClInclude Include="lib\PolyHook2\polyhook2\Detour\x86Detour.hpp">
      <Filter>Header Files</Filter>
    </ClInclude>
    <ClInclude Include="lib\PolyHook2\polyhook2\Exceptions\AVehHook.hpp">
      <Filter>Header Files</Filter>
    </ClInclude>
    <ClInclude Include="lib\PolyHook2\polyhook2\Exceptions\BreakPointHook.hpp">
      <Filter>Header Files</Filter>
    </ClInclude>
    <ClInclude Include="lib\PolyHook2\polyhook2\Exceptions\HWBreakPointHook.hpp">
      <Filter>Header Files</Filter>
    </ClInclude>
    <ClInclude Include="lib\PolyHook2\polyhook2\PE\EatHook.hpp">
      <Filter>Header Files</Filter>
    </ClInclude>
    <ClInclude Include="lib\PolyHook2\polyhook2\PE\IatHook.hpp">
      <Filter>Header Files</Filter>
    </ClInclude>
    <ClInclude Include="lib\PolyHook2\polyhook2\PE\PEB.hpp">
      <Filter>Header Files</Filter>
    </ClInclude>
    <ClInclude Include="lib\PolyHook2\polyhook2\Tests\StackCanary.hpp">
      <Filter>Header Files</Filter>
    </ClInclude>
    <ClInclude Include="lib\PolyHook2\polyhook2\Tests\TestEffectTracker.hpp">
      <Filter>Header Files</Filter>
    </ClInclude>
    <ClInclude Include="lib\PolyHook2\polyhook2\Virtuals\VFuncSwapHook.hpp">
      <Filter>Header Files</Filter>
    </ClInclude>
    <ClInclude Include="lib\PolyHook2\polyhook2\Virtuals\VTableSwapHook.hpp">
      <Filter>Header Files</Filter>
    </ClInclude>
    <ClInclude Include="lib\PolyHook2\polyhook2\ADisassembler.hpp">
      <Filter>Header Files</Filter>
    </ClInclude>
    <ClInclude Include="lib\PolyHook2\polyhook2\CapstoneDisassembler.hpp">
      <Filter>Header Files</Filter>
    </ClInclude>
    <ClInclude Include="lib\PolyHook2\polyhook2\Enums.hpp">
      <Filter>Header Files</Filter>
    </ClInclude>
    <ClInclude Include="lib\PolyHook2\polyhook2\ErrorLog.hpp">
      <Filter>Header Files</Filter>
    </ClInclude>
    <ClInclude Include="lib\PolyHook2\polyhook2\EventDispatcher.hpp">
      <Filter>Header Files</Filter>
    </ClInclude>
    <ClInclude Include="lib\PolyHook2\polyhook2\FBAllocator.hpp">
      <Filter>Header Files</Filter>
    </ClInclude>
    <ClInclude Include="lib\PolyHook2\polyhook2\IHook.hpp">
      <Filter>Header Files</Filter>
    </ClInclude>
    <ClInclude Include="lib\PolyHook2\polyhook2\Instruction.hpp">
      <Filter>Header Files</Filter>
    </ClInclude>
    <ClInclude Include="lib\PolyHook2\polyhook2\MemAccessor.hpp">
      <Filter>Header Files</Filter>
    </ClInclude>
    <ClInclude Include="lib\PolyHook2\polyhook2\MemProtector.hpp">
      <Filter>Header Files</Filter>
    </ClInclude>
    <ClInclude Include="lib\PolyHook2\polyhook2\Misc.hpp">
      <Filter>Header Files</Filter>
    </ClInclude>
    <ClInclude Include="lib\PolyHook2\polyhook2\PolyHookOs.hpp">
      <Filter>Header Files</Filter>
    </ClInclude>
    <ClInclude Include="lib\PolyHook2\polyhook2\PolyHookOsIncludes.hpp">
      <Filter>Header Files</Filter>
    </ClInclude>
    <ClInclude Include="lib\PolyHook2\polyhook2\RangeAllocator.hpp">
      <Filter>Header Files</Filter>
    </ClInclude>
    <ClInclude Include="lib\PolyHook2\polyhook2\UID.hpp">
      <Filter>Header Files</Filter>
    </ClInclude>
    <ClInclude Include="lib\PolyHook2\polyhook2\ZydisDisassembler.hpp">
      <Filter>Header Files</Filter>
    </ClInclude>
    <ClInclude Include="lib\PolyHook2\Zycore\API\Memory.h">
      <Filter>Header Files</Filter>
    </ClInclude>
    <ClInclude Include="lib\PolyHook2\Zycore\API\Process.h">
      <Filter>Header Files</Filter>
    </ClInclude>
    <ClInclude Include="lib\PolyHook2\Zycore\API\Synchronization.h">
      <Filter>Header Files</Filter>
    </ClInclude>
    <ClInclude Include="lib\PolyHook2\Zycore\API\Terminal.h">
      <Filter>Header Files</Filter>
    </ClInclude>
    <ClInclude Include="lib\PolyHook2\Zycore\API\Thread.h">
      <Filter>Header Files</Filter>
    </ClInclude>
    <ClInclude Include="lib\PolyHook2\Zycore\Allocator.h">
      <Filter>Header Files</Filter>
    </ClInclude>
    <ClInclude Include="lib\PolyHook2\Zycore\ArgParse.h">
      <Filter>Header Files</Filter>
    </ClInclude>
    <ClInclude Include="lib\PolyHook2\Zycore\Bitset.h">
      <Filter>Header Files</Filter>
    </ClInclude>
    <ClInclude Include="lib\PolyHook2\Zycore\Comparison.h">
      <Filter>Header Files</Filter>
    </ClInclude>
    <ClInclude Include="lib\PolyHook2\Zycore\Defines.h">
      <Filter>Header Files</Filter>
    </ClInclude>
    <ClInclude Include="lib\PolyHook2\Zycore\Format.h">
      <Filter>Header Files</Filter>
    </ClInclude>
    <ClInclude Include="lib\PolyHook2\Zycore\LibC.h">
      <Filter>Header Files</Filter>
    </ClInclude>
    <ClInclude Include="lib\PolyHook2\Zycore\List.h">
      <Filter>Header Files</Filter>
    </ClInclude>
    <ClInclude Include="lib\PolyHook2\Zycore\Object.h">
      <Filter>Header Files</Filter>
    </ClInclude>
    <ClInclude Include="lib\PolyHook2\Zycore\Status.h">
      <Filter>Header Files</Filter>
    </ClInclude>
    <ClInclude Include="lib\PolyHook2\Zycore\String.h">
      <Filter>Header Files</Filter>
    </ClInclude>
    <ClInclude Include="lib\PolyHook2\Zycore\Types.h">
      <Filter>Header Files</Filter>
    </ClInclude>
    <ClInclude Include="lib\PolyHook2\Zycore\Vector.h">
      <Filter>Header Files</Filter>
    </ClInclude>
    <ClInclude Include="lib\PolyHook2\Zycore\Zycore.h">
      <Filter>Header Files</Filter>
    </ClInclude>
    <ClInclude Include="lib\PolyHook2\zydis\Generated\EnumInstructionCategory.h">
      <Filter>Header Files</Filter>
    </ClInclude>
    <ClInclude Include="lib\PolyHook2\zydis\Generated\EnumISAExt.h">
      <Filter>Header Files</Filter>
    </ClInclude>
    <ClInclude Include="lib\PolyHook2\zydis\Generated\EnumISASet.h">
      <Filter>Header Files</Filter>
    </ClInclude>
    <ClInclude Include="lib\PolyHook2\zydis\Generated\EnumMnemonic.h">
      <Filter>Header Files</Filter>
    </ClInclude>
    <ClInclude Include="lib\PolyHook2\zydis\Generated\EnumRegister.h">
      <Filter>Header Files</Filter>
    </ClInclude>
    <ClInclude Include="lib\PolyHook2\zydis\Internal\DecoderData.h">
      <Filter>Header Files</Filter>
    </ClInclude>
    <ClInclude Include="lib\PolyHook2\zydis\Internal\EncoderData.h">
      <Filter>Header Files</Filter>
    </ClInclude>
    <ClInclude Include="lib\PolyHook2\zydis\Internal\FormatterATT.h">
      <Filter>Header Files</Filter>
    </ClInclude>
    <ClInclude Include="lib\PolyHook2\zydis\Internal\FormatterBase.h">
      <Filter>Header Files</Filter>
    </ClInclude>
    <ClInclude Include="lib\PolyHook2\zydis\Internal\FormatterIntel.h">
      <Filter>Header Files</Filter>
    </ClInclude>
    <ClInclude Include="lib\PolyHook2\zydis\Internal\SharedData.h">
      <Filter>Header Files</Filter>
    </ClInclude>
    <ClInclude Include="lib\PolyHook2\zydis\Internal\String.h">
      <Filter>Header Files</Filter>
    </ClInclude>
    <ClInclude Include="lib\PolyHook2\zydis\Decoder.h">
      <Filter>Header Files</Filter>
    </ClInclude>
    <ClInclude Include="lib\PolyHook2\zydis\DecoderTypes.h">
      <Filter>Header Files</Filter>
    </ClInclude>
    <ClInclude Include="lib\PolyHook2\zydis\Defines.h">
      <Filter>Header Files</Filter>
    </ClInclude>
    <ClInclude Include="lib\PolyHook2\zydis\Encoder.h">
      <Filter>Header Files</Filter>
    </ClInclude>
    <ClInclude Include="lib\PolyHook2\zydis\Formatter.h">
      <Filter>Header Files</Filter>
    </ClInclude>
    <ClInclude Include="lib\PolyHook2\zydis\FormatterBuffer.h">
      <Filter>Header Files</Filter>
    </ClInclude>
    <ClInclude Include="lib\PolyHook2\zydis\MetaInfo.h">
      <Filter>Header Files</Filter>
    </ClInclude>
    <ClInclude Include="lib\PolyHook2\zydis\Mnemonic.h">
      <Filter>Header Files</Filter>
    </ClInclude>
    <ClInclude Include="lib\PolyHook2\zydis\Register.h">
      <Filter>Header Files</Filter>
    </ClInclude>
    <ClInclude Include="lib\PolyHook2\zydis\SharedTypes.h">
      <Filter>Header Files</Filter>
    </ClInclude>
    <ClInclude Include="lib\PolyHook2\zydis\ShortString.h">
      <Filter>Header Files</Filter>
    </ClInclude>
    <ClInclude Include="lib\PolyHook2\zydis\Status.h">
      <Filter>Header Files</Filter>
    </ClInclude>
    <ClInclude Include="lib\PolyHook2\zydis\Utils.h">
      <Filter>Header Files</Filter>
    </ClInclude>
    <ClInclude Include="lib\PolyHook2\zydis\Zydis.h">
      <Filter>Header Files</Filter>
    </ClInclude>
    <ClInclude Include="lib\PolyHook2\Catch.hpp">
      <Filter>Header Files</Filter>
    </ClInclude>
    <ClInclude Include="native\Natives.h">
      <Filter>Header Files</Filter>
    </ClInclude>
    <ClInclude Include="native\Hooks.h">
      <Filter>Header Files</Filter>
    </ClInclude>
    <ClInclude Include="native\NativeTypes.h">
      <Filter>Header Files</Filter>
    </ClInclude>
    <ClInclude Include="networking\net_client.h">
      <Filter>Header Files</Filter>
    </ClInclude>
    <ClInclude Include="networking\net_connection.h">
      <Filter>Header Files</Filter>
    </ClInclude>
    <ClInclude Include="networking\net_message.h">
      <Filter>Header Files</Filter>
    </ClInclude>
    <ClInclude Include="networking\net_server.h">
      <Filter>Header Files</Filter>
    </ClInclude>
    <ClInclude Include="networking\net_tsqueue.h">
      <Filter>Header Files</Filter>
    </ClInclude>
    <ClInclude Include="networking\PacketTypes.h">
      <Filter>Header Files</Filter>
    </ClInclude>
    <ClInclude Include="FunctionThreadDelays.h">
      <Filter>Header Files</Filter>
    </ClInclude>
    <ClInclude Include="database\ResourceNames.h">
      <Filter>Header Files</Filter>
    </ClInclude>
  </ItemGroup>
  <ItemGroup>
    <ClCompile Include="dllmain.cpp">
      <Filter>Source Files</Filter>
    </ClCompile>
    <ClCompile Include="pch.cpp">
      <Filter>Source Files</Filter>
    </ClCompile>
    <ClCompile Include="dep\subhook\subhook.c">
      <Filter>Source Files</Filter>
    </ClCompile>
  </ItemGroup>
</Project>